// !$*UTF8*$!
{
	archiveVersion = 1;
	classes = {
	};
	objectVersion = 56;
	objects = {

/* Begin PBXBuildFile section */
		50C4DE752997AF260045B0AB /* AppDelegate.swift in Sources */ = {isa = PBXBuildFile; fileRef = 50C4DE742997AF260045B0AB /* AppDelegate.swift */; };
		50C4DE772997AF260045B0AB /* SceneDelegate.swift in Sources */ = {isa = PBXBuildFile; fileRef = 50C4DE762997AF260045B0AB /* SceneDelegate.swift */; };
		50C4DE7E2997AF270045B0AB /* Assets.xcassets in Resources */ = {isa = PBXBuildFile; fileRef = 50C4DE7D2997AF270045B0AB /* Assets.xcassets */; };
		50C4DE812997AF270045B0AB /* LaunchScreen.storyboard in Resources */ = {isa = PBXBuildFile; fileRef = 50C4DE7F2997AF270045B0AB /* LaunchScreen.storyboard */; };
		50C4DE892997AF4C0045B0AB /* MapController.swift in Sources */ = {isa = PBXBuildFile; fileRef = 50C4DE882997AF4C0045B0AB /* MapController.swift */; };
		50C4DE8B2997B1DA0045B0AB /* Extensions.swift in Sources */ = {isa = PBXBuildFile; fileRef = 50C4DE8A2997B1DA0045B0AB /* Extensions.swift */; };
		50C4DE8D2997C7B10045B0AB /* LocationRequestController.swift in Sources */ = {isa = PBXBuildFile; fileRef = 50C4DE8C2997C7B10045B0AB /* LocationRequestController.swift */; };
		50C4DE94299D16A90045B0AB /* SearchInputView.swift in Sources */ = {isa = PBXBuildFile; fileRef = 50C4DE93299D16A90045B0AB /* SearchInputView.swift */; };
		50C4DE96299D22250045B0AB /* SearchCell.swift in Sources */ = {isa = PBXBuildFile; fileRef = 50C4DE95299D22250045B0AB /* SearchCell.swift */; };
/* End PBXBuildFile section */

/* Begin PBXFileReference section */
		50C4DE712997AF260045B0AB /* MapStuff.app */ = {isa = PBXFileReference; explicitFileType = wrapper.application; includeInIndex = 0; path = MapStuff.app; sourceTree = BUILT_PRODUCTS_DIR; };
		50C4DE742997AF260045B0AB /* AppDelegate.swift */ = {isa = PBXFileReference; lastKnownFileType = sourcecode.swift; path = AppDelegate.swift; sourceTree = "<group>"; };
		50C4DE762997AF260045B0AB /* SceneDelegate.swift */ = {isa = PBXFileReference; lastKnownFileType = sourcecode.swift; path = SceneDelegate.swift; sourceTree = "<group>"; };
		50C4DE7D2997AF270045B0AB /* Assets.xcassets */ = {isa = PBXFileReference; lastKnownFileType = folder.assetcatalog; path = Assets.xcassets; sourceTree = "<group>"; };
		50C4DE802997AF270045B0AB /* Base */ = {isa = PBXFileReference; lastKnownFileType = file.storyboard; name = Base; path = Base.lproj/LaunchScreen.storyboard; sourceTree = "<group>"; };
		50C4DE822997AF270045B0AB /* Info.plist */ = {isa = PBXFileReference; lastKnownFileType = text.plist.xml; path = Info.plist; sourceTree = "<group>"; };
		50C4DE882997AF4C0045B0AB /* MapController.swift */ = {isa = PBXFileReference; lastKnownFileType = sourcecode.swift; path = MapController.swift; sourceTree = "<group>"; };
		50C4DE8A2997B1DA0045B0AB /* Extensions.swift */ = {isa = PBXFileReference; lastKnownFileType = sourcecode.swift; path = Extensions.swift; sourceTree = "<group>"; };
		50C4DE8C2997C7B10045B0AB /* LocationRequestController.swift */ = {isa = PBXFileReference; lastKnownFileType = sourcecode.swift; path = LocationRequestController.swift; sourceTree = "<group>"; };
		50C4DE93299D16A90045B0AB /* SearchInputView.swift */ = {isa = PBXFileReference; lastKnownFileType = sourcecode.swift; path = SearchInputView.swift; sourceTree = "<group>"; };
		50C4DE95299D22250045B0AB /* SearchCell.swift */ = {isa = PBXFileReference; lastKnownFileType = sourcecode.swift; path = SearchCell.swift; sourceTree = "<group>"; };
/* End PBXFileReference section */

/* Begin PBXFrameworksBuildPhase section */
		50C4DE6E2997AF260045B0AB /* Frameworks */ = {
			isa = PBXFrameworksBuildPhase;
			buildActionMask = 2147483647;
			files = (
			);
			runOnlyForDeploymentPostprocessing = 0;
		};
/* End PBXFrameworksBuildPhase section */

/* Begin PBXGroup section */
		50C4DE682997AF260045B0AB = {
			isa = PBXGroup;
			children = (
				50C4DE732997AF260045B0AB /* MapStuff */,
				50C4DE722997AF260045B0AB /* Products */,
			);
			sourceTree = "<group>";
		};
		50C4DE722997AF260045B0AB /* Products */ = {
			isa = PBXGroup;
			children = (
				50C4DE712997AF260045B0AB /* MapStuff.app */,
			);
			name = Products;
			sourceTree = "<group>";
		};
		50C4DE732997AF260045B0AB /* MapStuff */ = {
			isa = PBXGroup;
			children = (
				50C4DE8E299D15EE0045B0AB /* Utils */,
				50C4DE92299D165B0045B0AB /* Controller */,
				50C4DE91299D16500045B0AB /* View */,
				50C4DE7D2997AF270045B0AB /* Assets.xcassets */,
				50C4DE742997AF260045B0AB /* AppDelegate.swift */,
				50C4DE762997AF260045B0AB /* SceneDelegate.swift */,
				50C4DE7F2997AF270045B0AB /* LaunchScreen.storyboard */,
				50C4DE822997AF270045B0AB /* Info.plist */,
			);
			path = MapStuff;
			sourceTree = "<group>";
		};
		50C4DE8E299D15EE0045B0AB /* Utils */ = {
			isa = PBXGroup;
			children = (
				50C4DE8A2997B1DA0045B0AB /* Extensions.swift */,
			);
			path = Utils;
			sourceTree = "<group>";
		};
		50C4DE91299D16500045B0AB /* View */ = {
			isa = PBXGroup;
			children = (
				50C4DE95299D22250045B0AB /* SearchCell.swift */,
				50C4DE93299D16A90045B0AB /* SearchInputView.swift */,
			);
			path = View;
			sourceTree = "<group>";
		};
		50C4DE92299D165B0045B0AB /* Controller */ = {
			isa = PBXGroup;
			children = (
				50C4DE882997AF4C0045B0AB /* MapController.swift */,
				50C4DE8C2997C7B10045B0AB /* LocationRequestController.swift */,
			);
			path = Controller;
			sourceTree = "<group>";
		};
/* End PBXGroup section */

/* Begin PBXNativeTarget section */
		50C4DE702997AF260045B0AB /* MapStuff */ = {
			isa = PBXNativeTarget;
			buildConfigurationList = 50C4DE852997AF270045B0AB /* Build configuration list for PBXNativeTarget "MapStuff" */;
			buildPhases = (
				50C4DE6D2997AF260045B0AB /* Sources */,
				50C4DE6E2997AF260045B0AB /* Frameworks */,
				50C4DE6F2997AF260045B0AB /* Resources */,
			);
			buildRules = (
			);
			dependencies = (
			);
			name = MapStuff;
			productName = MapStuff;
			productReference = 50C4DE712997AF260045B0AB /* MapStuff.app */;
			productType = "com.apple.product-type.application";
		};
/* End PBXNativeTarget section */

/* Begin PBXProject section */
		50C4DE692997AF260045B0AB /* Project object */ = {
			isa = PBXProject;
			attributes = {
				BuildIndependentTargetsInParallel = 1;
				LastSwiftUpdateCheck = 1420;
				LastUpgradeCheck = 1420;
				TargetAttributes = {
					50C4DE702997AF260045B0AB = {
						CreatedOnToolsVersion = 14.2;
					};
				};
			};
			buildConfigurationList = 50C4DE6C2997AF260045B0AB /* Build configuration list for PBXProject "MapStuff" */;
			compatibilityVersion = "Xcode 14.0";
			developmentRegion = en;
			hasScannedForEncodings = 0;
			knownRegions = (
				en,
				Base,
			);
			mainGroup = 50C4DE682997AF260045B0AB;
			productRefGroup = 50C4DE722997AF260045B0AB /* Products */;
			projectDirPath = "";
			projectRoot = "";
			targets = (
				50C4DE702997AF260045B0AB /* MapStuff */,
			);
		};
/* End PBXProject section */

/* Begin PBXResourcesBuildPhase section */
		50C4DE6F2997AF260045B0AB /* Resources */ = {
			isa = PBXResourcesBuildPhase;
			buildActionMask = 2147483647;
			files = (
				50C4DE812997AF270045B0AB /* LaunchScreen.storyboard in Resources */,
				50C4DE7E2997AF270045B0AB /* Assets.xcassets in Resources */,
			);
			runOnlyForDeploymentPostprocessing = 0;
		};
/* End PBXResourcesBuildPhase section */

/* Begin PBXSourcesBuildPhase section */
		50C4DE6D2997AF260045B0AB /* Sources */ = {
			isa = PBXSourcesBuildPhase;
			buildActionMask = 2147483647;
			files = (
				50C4DE8D2997C7B10045B0AB /* LocationRequestController.swift in Sources */,
				50C4DE752997AF260045B0AB /* AppDelegate.swift in Sources */,
				50C4DE892997AF4C0045B0AB /* MapController.swift in Sources */,
				50C4DE96299D22250045B0AB /* SearchCell.swift in Sources */,
				50C4DE772997AF260045B0AB /* SceneDelegate.swift in Sources */,
				50C4DE8B2997B1DA0045B0AB /* Extensions.swift in Sources */,
				50C4DE94299D16A90045B0AB /* SearchInputView.swift in Sources */,
			);
			runOnlyForDeploymentPostprocessing = 0;
		};
/* End PBXSourcesBuildPhase section */

/* Begin PBXVariantGroup section */
		50C4DE7F2997AF270045B0AB /* LaunchScreen.storyboard */ = {
			isa = PBXVariantGroup;
			children = (
				50C4DE802997AF270045B0AB /* Base */,
			);
			name = LaunchScreen.storyboard;
			sourceTree = "<group>";
		};
/* End PBXVariantGroup section */

/* Begin XCBuildConfiguration section */
		50C4DE832997AF270045B0AB /* Debug */ = {
			isa = XCBuildConfiguration;
			buildSettings = {
				ALWAYS_SEARCH_USER_PATHS = NO;
				CLANG_ANALYZER_NONNULL = YES;
				CLANG_ANALYZER_NUMBER_OBJECT_CONVERSION = YES_AGGRESSIVE;
				CLANG_CXX_LANGUAGE_STANDARD = "gnu++20";
				CLANG_ENABLE_MODULES = YES;
				CLANG_ENABLE_OBJC_ARC = YES;
				CLANG_ENABLE_OBJC_WEAK = YES;
				CLANG_WARN_BLOCK_CAPTURE_AUTORELEASING = YES;
				CLANG_WARN_BOOL_CONVERSION = YES;
				CLANG_WARN_COMMA = YES;
				CLANG_WARN_CONSTANT_CONVERSION = YES;
				CLANG_WARN_DEPRECATED_OBJC_IMPLEMENTATIONS = YES;
				CLANG_WARN_DIRECT_OBJC_ISA_USAGE = YES_ERROR;
				CLANG_WARN_DOCUMENTATION_COMMENTS = YES;
				CLANG_WARN_EMPTY_BODY = YES;
				CLANG_WARN_ENUM_CONVERSION = YES;
				CLANG_WARN_INFINITE_RECURSION = YES;
				CLANG_WARN_INT_CONVERSION = YES;
				CLANG_WARN_NON_LITERAL_NULL_CONVERSION = YES;
				CLANG_WARN_OBJC_IMPLICIT_RETAIN_SELF = YES;
				CLANG_WARN_OBJC_LITERAL_CONVERSION = YES;
				CLANG_WARN_OBJC_ROOT_CLASS = YES_ERROR;
				CLANG_WARN_QUOTED_INCLUDE_IN_FRAMEWORK_HEADER = YES;
				CLANG_WARN_RANGE_LOOP_ANALYSIS = YES;
				CLANG_WARN_STRICT_PROTOTYPES = YES;
				CLANG_WARN_SUSPICIOUS_MOVE = YES;
				CLANG_WARN_UNGUARDED_AVAILABILITY = YES_AGGRESSIVE;
				CLANG_WARN_UNREACHABLE_CODE = YES;
				CLANG_WARN__DUPLICATE_METHOD_MATCH = YES;
				COPY_PHASE_STRIP = NO;
				DEBUG_INFORMATION_FORMAT = dwarf;
				ENABLE_STRICT_OBJC_MSGSEND = YES;
				ENABLE_TESTABILITY = YES;
				GCC_C_LANGUAGE_STANDARD = gnu11;
				GCC_DYNAMIC_NO_PIC = NO;
				GCC_NO_COMMON_BLOCKS = YES;
				GCC_OPTIMIZATION_LEVEL = 0;
				GCC_PREPROCESSOR_DEFINITIONS = (
					"DEBUG=1",
					"$(inherited)",
				);
				GCC_WARN_64_TO_32_BIT_CONVERSION = YES;
				GCC_WARN_ABOUT_RETURN_TYPE = YES_ERROR;
				GCC_WARN_UNDECLARED_SELECTOR = YES;
				GCC_WARN_UNINITIALIZED_AUTOS = YES_AGGRESSIVE;
				GCC_WARN_UNUSED_FUNCTION = YES;
				GCC_WARN_UNUSED_VARIABLE = YES;
				IPHONEOS_DEPLOYMENT_TARGET = 16.2;
				MTL_ENABLE_DEBUG_INFO = INCLUDE_SOURCE;
				MTL_FAST_MATH = YES;
				ONLY_ACTIVE_ARCH = YES;
				SDKROOT = iphoneos;
				SWIFT_ACTIVE_COMPILATION_CONDITIONS = DEBUG;
				SWIFT_OPTIMIZATION_LEVEL = "-Onone";
			};
			name = Debug;
		};
		50C4DE842997AF270045B0AB /* Release */ = {
			isa = XCBuildConfiguration;
			buildSettings = {
				ALWAYS_SEARCH_USER_PATHS = NO;
				CLANG_ANALYZER_NONNULL = YES;
				CLANG_ANALYZER_NUMBER_OBJECT_CONVERSION = YES_AGGRESSIVE;
				CLANG_CXX_LANGUAGE_STANDARD = "gnu++20";
				CLANG_ENABLE_MODULES = YES;
				CLANG_ENABLE_OBJC_ARC = YES;
				CLANG_ENABLE_OBJC_WEAK = YES;
				CLANG_WARN_BLOCK_CAPTURE_AUTORELEASING = YES;
				CLANG_WARN_BOOL_CONVERSION = YES;
				CLANG_WARN_COMMA = YES;
				CLANG_WARN_CONSTANT_CONVERSION = YES;
				CLANG_WARN_DEPRECATED_OBJC_IMPLEMENTATIONS = YES;
				CLANG_WARN_DIRECT_OBJC_ISA_USAGE = YES_ERROR;
				CLANG_WARN_DOCUMENTATION_COMMENTS = YES;
				CLANG_WARN_EMPTY_BODY = YES;
				CLANG_WARN_ENUM_CONVERSION = YES;
				CLANG_WARN_INFINITE_RECURSION = YES;
				CLANG_WARN_INT_CONVERSION = YES;
				CLANG_WARN_NON_LITERAL_NULL_CONVERSION = YES;
				CLANG_WARN_OBJC_IMPLICIT_RETAIN_SELF = YES;
				CLANG_WARN_OBJC_LITERAL_CONVERSION = YES;
				CLANG_WARN_OBJC_ROOT_CLASS = YES_ERROR;
				CLANG_WARN_QUOTED_INCLUDE_IN_FRAMEWORK_HEADER = YES;
				CLANG_WARN_RANGE_LOOP_ANALYSIS = YES;
				CLANG_WARN_STRICT_PROTOTYPES = YES;
				CLANG_WARN_SUSPICIOUS_MOVE = YES;
				CLANG_WARN_UNGUARDED_AVAILABILITY = YES_AGGRESSIVE;
				CLANG_WARN_UNREACHABLE_CODE = YES;
				CLANG_WARN__DUPLICATE_METHOD_MATCH = YES;
				COPY_PHASE_STRIP = NO;
				DEBUG_INFORMATION_FORMAT = "dwarf-with-dsym";
				ENABLE_NS_ASSERTIONS = NO;
				ENABLE_STRICT_OBJC_MSGSEND = YES;
				GCC_C_LANGUAGE_STANDARD = gnu11;
				GCC_NO_COMMON_BLOCKS = YES;
				GCC_WARN_64_TO_32_BIT_CONVERSION = YES;
				GCC_WARN_ABOUT_RETURN_TYPE = YES_ERROR;
				GCC_WARN_UNDECLARED_SELECTOR = YES;
				GCC_WARN_UNINITIALIZED_AUTOS = YES_AGGRESSIVE;
				GCC_WARN_UNUSED_FUNCTION = YES;
				GCC_WARN_UNUSED_VARIABLE = YES;
				IPHONEOS_DEPLOYMENT_TARGET = 16.2;
				MTL_ENABLE_DEBUG_INFO = NO;
				MTL_FAST_MATH = YES;
				SDKROOT = iphoneos;
				SWIFT_COMPILATION_MODE = wholemodule;
				SWIFT_OPTIMIZATION_LEVEL = "-O";
				VALIDATE_PRODUCT = YES;
			};
			name = Release;
		};
		50C4DE862997AF270045B0AB /* Debug */ = {
			isa = XCBuildConfiguration;
			buildSettings = {
				ASSETCATALOG_COMPILER_APPICON_NAME = AppIcon;
				ASSETCATALOG_COMPILER_GLOBAL_ACCENT_COLOR_NAME = AccentColor;
				CODE_SIGN_STYLE = Automatic;
				CURRENT_PROJECT_VERSION = 1;
				DEVELOPMENT_TEAM = 82F2BX73N3;
				GENERATE_INFOPLIST_FILE = YES;
				INFOPLIST_FILE = MapStuff/Info.plist;
				INFOPLIST_KEY_UIApplicationSupportsIndirectInputEvents = YES;
				INFOPLIST_KEY_UILaunchStoryboardName = LaunchScreen;
				INFOPLIST_KEY_UIMainStoryboardFile = "";
				INFOPLIST_KEY_UIStatusBarStyle = "";
				INFOPLIST_KEY_UISupportedInterfaceOrientations_iPad = "UIInterfaceOrientationPortrait UIInterfaceOrientationPortraitUpsideDown UIInterfaceOrientationLandscapeLeft UIInterfaceOrientationLandscapeRight";
				INFOPLIST_KEY_UISupportedInterfaceOrientations_iPhone = "UIInterfaceOrientationPortrait UIInterfaceOrientationLandscapeLeft UIInterfaceOrientationLandscapeRight";
				LD_RUNPATH_SEARCH_PATHS = (
					"$(inherited)",
					"@executable_path/Frameworks",
				);
				MARKETING_VERSION = 1.0;
				PRODUCT_BUNDLE_IDENTIFIER = com.naetos.MapStuff;
				PRODUCT_NAME = "$(TARGET_NAME)";
				SWIFT_EMIT_LOC_STRINGS = YES;
				SWIFT_VERSION = 5.0;
				TARGETED_DEVICE_FAMILY = "1,2";
			};
			name = Debug;
		};
		50C4DE872997AF270045B0AB /* Release */ = {
			isa = XCBuildConfiguration;
			buildSettings = {
				ASSETCATALOG_COMPILER_APPICON_NAME = AppIcon;
				ASSETCATALOG_COMPILER_GLOBAL_ACCENT_COLOR_NAME = AccentColor;
				CODE_SIGN_STYLE = Automatic;
				CURRENT_PROJECT_VERSION = 1;
				DEVELOPMENT_TEAM = 82F2BX73N3;
				GENERATE_INFOPLIST_FILE = YES;
				INFOPLIST_FILE = MapStuff/Info.plist;
				INFOPLIST_KEY_UIApplicationSupportsIndirectInputEvents = YES;
				INFOPLIST_KEY_UILaunchStoryboardName = LaunchScreen;
				INFOPLIST_KEY_UIMainStoryboardFile = "";
				INFOPLIST_KEY_UIStatusBarStyle = "";
				INFOPLIST_KEY_UISupportedInterfaceOrientations_iPad = "UIInterfaceOrientationPortrait UIInterfaceOrientationPortraitUpsideDown UIInterfaceOrientationLandscapeLeft UIInterfaceOrientationLandscapeRight";
				INFOPLIST_KEY_UISupportedInterfaceOrientations_iPhone = "UIInterfaceOrientationPortrait UIInterfaceOrientationLandscapeLeft UIInterfaceOrientationLandscapeRight";
				LD_RUNPATH_SEARCH_PATHS = (
					"$(inherited)",
					"@executable_path/Frameworks",
				);
				MARKETING_VERSION = 1.0;
				PRODUCT_BUNDLE_IDENTIFIER = com.naetos.MapStuff;
				PRODUCT_NAME = "$(TARGET_NAME)";
				SWIFT_EMIT_LOC_STRINGS = YES;
				SWIFT_VERSION = 5.0;
				TARGETED_DEVICE_FAMILY = "1,2";
			};
			name = Release;
		};
/* End XCBuildConfiguration section */

/* Begin XCConfigurationList section */
		50C4DE6C2997AF260045B0AB /* Build configuration list for PBXProject "MapStuff" */ = {
			isa = XCConfigurationList;
			buildConfigurations = (
				50C4DE832997AF270045B0AB /* Debug */,
				50C4DE842997AF270045B0AB /* Release */,
			);
			defaultConfigurationIsVisible = 0;
			defaultConfigurationName = Release;
		};
		50C4DE852997AF270045B0AB /* Build configuration list for PBXNativeTarget "MapStuff" */ = {
			isa = XCConfigurationList;
			buildConfigurations = (
				50C4DE862997AF270045B0AB /* Debug */,
				50C4DE872997AF270045B0AB /* Release */,
			);
			defaultConfigurationIsVisible = 0;
			defaultConfigurationName = Release;
		};
/* End XCConfigurationList section */
	};
	rootObject = 50C4DE692997AF260045B0AB /* Project object */;
}
